
Microsoft Visual Studio Solution File, Format Version 12.00
# Visual Studio Version 17
VisualStudioVersion = 17.4.33213.308
MinimumVisualStudioVersion = 10.0.40219.1
Project("{FAE04EC0-301F-11D3-BF4B-00C04F79EFBC}") = "HKTS Hekim", "HKTS Hekim\HKTS Hekim.csproj", "{4DA68697-D6A5-4D8B-AA40-EAAE79865FBF}"
EndProject
Global
	GlobalSection(SolutionConfigurationPlatforms) = preSolution
		Debug|Any CPU = Debug|Any CPU
		Release|Any CPU = Release|Any CPU
	EndGlobalSection
	GlobalSection(ProjectConfigurationPlatforms) = postSolution
		{4DA68697-D6A5-4D8B-AA40-EAAE79865FBF}.Debug|Any CPU.ActiveCfg = Debug|Any CPU
		{4DA68697-D6A5-4D8B-AA40-EAAE79865FBF}.Debug|Any CPU.Build.0 = Debug|Any CPU
		{4DA68697-D6A5-4D8B-AA40-EAAE79865FBF}.Release|Any CPU.ActiveCfg = Release|Any CPU
		{4DA68697-D6A5-4D8B-AA40-EAAE79865FBF}.Release|Any CPU.Build.0 = Release|Any CPU
	EndGlobalSection
	GlobalSection(SolutionProperties) = preSolution
		HideSolutionNode = FALSE
	EndGlobalSection
	GlobalSection(ExtensibilityGlobals) = postSolution
		SolutionGuid = {960EB5C5-D180-4075-9296-8996B858A7FA}
	EndGlobalSection
EndGlobal
